
Microsoft Visual Studio Solution File, Format Version 12.00
# Visual Studio Version 16
VisualStudioVersion = 16.0.29709.97
MinimumVisualStudioVersion = 10.0.40219.1
Project("{FAE04EC0-301F-11D3-BF4B-00C04F79EFBC}") = "CoffeeShop", "CoffeeShop\CoffeeShop.csproj", "{658D2798-3CF5-49AF-99C2-C45AE7DC69B6}"
EndProject
Global
	GlobalSection(SolutionConfigurationPlatforms) = preSolution
		Debug|Any CPU = Debug|Any CPU
		Release|Any CPU = Release|Any CPU
	EndGlobalSection
	GlobalSection(ProjectConfigurationPlatforms) = postSolution
		{658D2798-3CF5-49AF-99C2-C45AE7DC69B6}.Debug|Any CPU.ActiveCfg = Debug|Any CPU
		{658D2798-3CF5-49AF-99C2-C45AE7DC69B6}.Debug|Any CPU.Build.0 = Debug|Any CPU
		{658D2798-3CF5-49AF-99C2-C45AE7DC69B6}.Release|Any CPU.ActiveCfg = Release|Any CPU
		{658D2798-3CF5-49AF-99C2-C45AE7DC69B6}.Release|Any CPU.Build.0 = Release|Any CPU
	EndGlobalSection
	GlobalSection(SolutionProperties) = preSolution
		HideSolutionNode = FALSE
	EndGlobalSection
	GlobalSection(ExtensibilityGlobals) = postSolution
		SolutionGuid = {6B2E01B2-33B3-4486-9044-55F503EF6DE8}
	EndGlobalSection
EndGlobal
